
Microsoft Visual Studio Solution File, Format Version 12.00
# Visual Studio 15
VisualStudioVersion = 15.0.27428.2043
MinimumVisualStudioVersion = 10.0.40219.1
Project("{FAE04EC0-301F-11D3-BF4B-00C04F79EFBC}") = "ExternalDotNet", "ExternalDotNet\ExternalDotNet.csproj", "{62DA5E3F-E89B-4E1E-807E-BAD765F3DACB}"
EndProject
Project("{FAE04EC0-301F-11D3-BF4B-00C04F79EFBC}") = "UnitTest", "UnitTest\UnitTest.csproj", "{255350C1-1B53-4E17-86D8-3D59FA9E2E16}"
EndProject
Global
	GlobalSection(SolutionConfigurationPlatforms) = preSolution
		Debug|Any CPU = Debug|Any CPU
		Release|Any CPU = Release|Any CPU
	EndGlobalSection
	GlobalSection(ProjectConfigurationPlatforms) = postSolution
		{62DA5E3F-E89B-4E1E-807E-BAD765F3DACB}.Debug|Any CPU.ActiveCfg = Debug|Any CPU
		{62DA5E3F-E89B-4E1E-807E-BAD765F3DACB}.Debug|Any CPU.Build.0 = Debug|Any CPU
		{62DA5E3F-E89B-4E1E-807E-BAD765F3DACB}.Release|Any CPU.ActiveCfg = Release|Any CPU
		{62DA5E3F-E89B-4E1E-807E-BAD765F3DACB}.Release|Any CPU.Build.0 = Release|Any CPU
		{255350C1-1B53-4E17-86D8-3D59FA9E2E16}.Debug|Any CPU.ActiveCfg = Debug|Any CPU
		{255350C1-1B53-4E17-86D8-3D59FA9E2E16}.Debug|Any CPU.Build.0 = Debug|Any CPU
		{255350C1-1B53-4E17-86D8-3D59FA9E2E16}.Release|Any CPU.ActiveCfg = Release|Any CPU
		{255350C1-1B53-4E17-86D8-3D59FA9E2E16}.Release|Any CPU.Build.0 = Release|Any CPU
	EndGlobalSection
	GlobalSection(SolutionProperties) = preSolution
		HideSolutionNode = FALSE
	EndGlobalSection
	GlobalSection(ExtensibilityGlobals) = postSolution
		SolutionGuid = {592B38D8-A562-466A-B7A2-48EB13B7B9AC}
	EndGlobalSection
EndGlobal
